
Microsoft Visual Studio Solution File, Format Version 12.00
# Visual Studio 15
VisualStudioVersion = 15.0.28307.421
MinimumVisualStudioVersion = 10.0.40219.1
Project("{FAE04EC0-301F-11D3-BF4B-00C04F79EFBC}") = "ResponsiPemrog2297", "ResponsiPemrog2297\ResponsiPemrog2297.csproj", "{E608D43A-0655-4020-96EA-8EF507FD9C2A}"
EndProject
Global
	GlobalSection(SolutionConfigurationPlatforms) = preSolution
		Debug|Any CPU = Debug|Any CPU
		Release|Any CPU = Release|Any CPU
	EndGlobalSection
	GlobalSection(ProjectConfigurationPlatforms) = postSolution
		{E608D43A-0655-4020-96EA-8EF507FD9C2A}.Debug|Any CPU.ActiveCfg = Debug|Any CPU
		{E608D43A-0655-4020-96EA-8EF507FD9C2A}.Debug|Any CPU.Build.0 = Debug|Any CPU
		{E608D43A-0655-4020-96EA-8EF507FD9C2A}.Release|Any CPU.ActiveCfg = Release|Any CPU
		{E608D43A-0655-4020-96EA-8EF507FD9C2A}.Release|Any CPU.Build.0 = Release|Any CPU
	EndGlobalSection
	GlobalSection(SolutionProperties) = preSolution
		HideSolutionNode = FALSE
	EndGlobalSection
	GlobalSection(ExtensibilityGlobals) = postSolution
		SolutionGuid = {127C9EBD-B021-48F7-A7B0-E7A1C9868B63}
	EndGlobalSection
EndGlobal
